
Microsoft Visual Studio Solution File, Format Version 12.00
# Visual Studio Version 17
VisualStudioVersion = 17.8.34525.116
MinimumVisualStudioVersion = 10.0.40219.1
Project("{FAE04EC0-301F-11D3-BF4B-00C04F79EFBC}") = "PR5_Job", "PR5_Job\PR5_Job.csproj", "{32598B70-C868-4972-8B59-96D1387E12B2}"
EndProject
Project("{FAE04EC0-301F-11D3-BF4B-00C04F79EFBC}") = "PasswordHasher", "PasswordHasher\PasswordHasher.csproj", "{2B545AE9-D750-45BE-9DFD-31970D2FF86B}"
EndProject
Global
	GlobalSection(SolutionConfigurationPlatforms) = preSolution
		Debug|Any CPU = Debug|Any CPU
		Release|Any CPU = Release|Any CPU
	EndGlobalSection
	GlobalSection(ProjectConfigurationPlatforms) = postSolution
		{32598B70-C868-4972-8B59-96D1387E12B2}.Debug|Any CPU.ActiveCfg = Debug|Any CPU
		{32598B70-C868-4972-8B59-96D1387E12B2}.Debug|Any CPU.Build.0 = Debug|Any CPU
		{32598B70-C868-4972-8B59-96D1387E12B2}.Release|Any CPU.ActiveCfg = Release|Any CPU
		{32598B70-C868-4972-8B59-96D1387E12B2}.Release|Any CPU.Build.0 = Release|Any CPU
		{2B545AE9-D750-45BE-9DFD-31970D2FF86B}.Debug|Any CPU.ActiveCfg = Debug|Any CPU
		{2B545AE9-D750-45BE-9DFD-31970D2FF86B}.Debug|Any CPU.Build.0 = Debug|Any CPU
		{2B545AE9-D750-45BE-9DFD-31970D2FF86B}.Release|Any CPU.ActiveCfg = Release|Any CPU
		{2B545AE9-D750-45BE-9DFD-31970D2FF86B}.Release|Any CPU.Build.0 = Release|Any CPU
	EndGlobalSection
	GlobalSection(SolutionProperties) = preSolution
		HideSolutionNode = FALSE
	EndGlobalSection
	GlobalSection(ExtensibilityGlobals) = postSolution
		SolutionGuid = {64C0A0B4-6CE0-4694-9061-E8DD5D293125}
	EndGlobalSection
EndGlobal
